<?xml version="1.0" encoding="UTF-8"?>
<Scheme
   LastUpgradeVersion = "0730"
   version = "1.3">
   <BuildAction
      parallelizeBuildables = "YES"
      buildImplicitDependencies = "YES">
      <BuildActionEntries>
         <BuildActionEntry
            buildForTesting = "YES"
            buildForRunning = "YES"
            buildForProfiling = "YES"
            buildForArchiving = "YES"
            buildForAnalyzing = "YES">
            <BuildableReference
               BuildableIdentifier = "primary"
               BlueprintIdentifier = "AA6C0D761D5A9AB000ECA808"
               BuildableName = "Sango"
               BlueprintName = "Sango"
               ReferencedContainer = "container:Sango.xcodeproj">
            </BuildableReference>
         </BuildActionEntry>
      </BuildActionEntries>
   </BuildAction>
   <TestAction
      buildConfiguration = "Debug"
      selectedDebuggerIdentifier = "Xcode.DebuggerFoundation.Debugger.LLDB"
      selectedLauncherIdentifier = "Xcode.DebuggerFoundation.Launcher.LLDB"
      shouldUseLaunchSchemeArgsEnv = "YES">
      <Testables>
      </Testables>
      <MacroExpansion>
         <BuildableReference
            BuildableIdentifier = "primary"
            BlueprintIdentifier = "AA6C0D761D5A9AB000ECA808"
            BuildableName = "Sango"
            BlueprintName = "Sango"
            ReferencedContainer = "container:Sango.xcodeproj">
         </BuildableReference>
      </MacroExpansion>
      <AdditionalOptions>
      </AdditionalOptions>
   </TestAction>
   <LaunchAction
      buildConfiguration = "Debug"
      selectedDebuggerIdentifier = "Xcode.DebuggerFoundation.Debugger.LLDB"
      selectedLauncherIdentifier = "Xcode.DebuggerFoundation.Launcher.LLDB"
      launchStyle = "0"
      useCustomWorkingDirectory = "YES"
      customWorkingDirectory = "/Users/steve/projects/afero/sango"
      ignoresPersistentStateOnLaunch = "NO"
      debugDocumentVersioning = "YES"
      debugServiceExtension = "internal"
      allowLocationSimulation = "YES">
      <BuildableProductRunnable
         runnableDebuggingMode = "0">
         <BuildableReference
            BuildableIdentifier = "primary"
            BlueprintIdentifier = "AA6C0D761D5A9AB000ECA808"
            BuildableName = "Sango"
            BlueprintName = "Sango"
            ReferencedContainer = "container:Sango.xcodeproj">
         </BuildableReference>
      </BuildableProductRunnable>
      <CommandLineArguments>
         <CommandLineArgument
            argument = "-input example.json"
            isEnabled = "NO">
         </CommandLineArgument>
         <CommandLineArgument
            argument = "-swift"
            isEnabled = "NO">
         </CommandLineArgument>
         <CommandLineArgument
            argument = "-out_source Constants.swift"
            isEnabled = "NO">
         </CommandLineArgument>
         <CommandLineArgument
            argument = "-java"
            isEnabled = "NO">
         </CommandLineArgument>
         <CommandLineArgument
            argument = "-out_source Constants.java"
            isEnabled = "NO">
         </CommandLineArgument>
         <CommandLineArgument
            argument = "-out_assets temp"
            isEnabled = "NO">
         </CommandLineArgument>
         <CommandLineArgument
            argument = "-input_assets assets"
            isEnabled = "NO">
         </CommandLineArgument>
         <CommandLineArgument
            argument = "-config brand1_config.json"
            isEnabled = "YES">
         </CommandLineArgument>
         <CommandLineArgument
            argument = "-config example1.json"
            isEnabled = "NO">
         </CommandLineArgument>
      </CommandLineArguments>
      <AdditionalOptions>
      </AdditionalOptions>
   </LaunchAction>
   <ProfileAction
      buildConfiguration = "Release"
      shouldUseLaunchSchemeArgsEnv = "YES"
      savedToolIdentifier = ""
      useCustomWorkingDirectory = "NO"
      debugDocumentVersioning = "YES">
      <BuildableProductRunnable
         runnableDebuggingMode = "0">
         <BuildableReference
            BuildableIdentifier = "primary"
            BlueprintIdentifier = "AA6C0D761D5A9AB000ECA808"
            BuildableName = "Sango"
            BlueprintName = "Sango"
            ReferencedContainer = "container:Sango.xcodeproj">
         </BuildableReference>
      </BuildableProductRunnable>
   </ProfileAction>
   <AnalyzeAction
      buildConfiguration = "Debug">
   </AnalyzeAction>
   <ArchiveAction
      buildConfiguration = "Release"
      revealArchiveInOrganizer = "YES">
   </ArchiveAction>
</Scheme>
